
Microsoft Visual Studio Solution File, Format Version 12.00
# Visual Studio 15
VisualStudioVersion = 15.0.28307.645
MinimumVisualStudioVersion = 10.0.40219.1
Project("{FAE04EC0-301F-11D3-BF4B-00C04F79EFBC}") = "Alberto", "Alberto\Alberto.csproj", "{8A7CF2EF-BD96-4E23-B711-CA51B6C28A62}"
EndProject
Project("{FAE04EC0-301F-11D3-BF4B-00C04F79EFBC}") = "apiAlberto", "apiAlberto\apiAlberto.csproj", "{9DBBAD03-2C2F-4643-B6A6-4656DFD10906}"
EndProject
Global
	GlobalSection(SolutionConfigurationPlatforms) = preSolution
		Debug|Any CPU = Debug|Any CPU
		Release|Any CPU = Release|Any CPU
	EndGlobalSection
	GlobalSection(ProjectConfigurationPlatforms) = postSolution
		{8A7CF2EF-BD96-4E23-B711-CA51B6C28A62}.Debug|Any CPU.ActiveCfg = Debug|Any CPU
		{8A7CF2EF-BD96-4E23-B711-CA51B6C28A62}.Debug|Any CPU.Build.0 = Debug|Any CPU
		{8A7CF2EF-BD96-4E23-B711-CA51B6C28A62}.Release|Any CPU.ActiveCfg = Release|Any CPU
		{8A7CF2EF-BD96-4E23-B711-CA51B6C28A62}.Release|Any CPU.Build.0 = Release|Any CPU
		{9DBBAD03-2C2F-4643-B6A6-4656DFD10906}.Debug|Any CPU.ActiveCfg = Debug|Any CPU
		{9DBBAD03-2C2F-4643-B6A6-4656DFD10906}.Debug|Any CPU.Build.0 = Debug|Any CPU
		{9DBBAD03-2C2F-4643-B6A6-4656DFD10906}.Release|Any CPU.ActiveCfg = Release|Any CPU
		{9DBBAD03-2C2F-4643-B6A6-4656DFD10906}.Release|Any CPU.Build.0 = Release|Any CPU
	EndGlobalSection
	GlobalSection(SolutionProperties) = preSolution
		HideSolutionNode = FALSE
	EndGlobalSection
	GlobalSection(ExtensibilityGlobals) = postSolution
		SolutionGuid = {B2D69334-8DF3-48D5-9FF4-7416B0D48B05}
	EndGlobalSection
EndGlobal
